
Microsoft Visual Studio Solution File, Format Version 12.00
# Visual Studio Version 17
VisualStudioVersion = 17.3.32901.215
MinimumVisualStudioVersion = 10.0.40219.1
Project("{FAE04EC0-301F-11D3-BF4B-00C04F79EFBC}") = "KamalRaj.Utils", "KamalRaj.Utils\KamalRaj.Utils.csproj", "{138F585F-F3A1-411A-B53F-8A05AEF8322A}"
EndProject
Project("{FAE04EC0-301F-11D3-BF4B-00C04F79EFBC}") = "Utils.UnitTests", "Utils.UnitTests\Utils.UnitTests.csproj", "{970AE088-CD5C-45EA-A7B9-B302D0CE7E7B}"
EndProject
Global
	GlobalSection(SolutionConfigurationPlatforms) = preSolution
		Debug|Any CPU = Debug|Any CPU
		Release|Any CPU = Release|Any CPU
	EndGlobalSection
	GlobalSection(ProjectConfigurationPlatforms) = postSolution
		{138F585F-F3A1-411A-B53F-8A05AEF8322A}.Debug|Any CPU.ActiveCfg = Debug|Any CPU
		{138F585F-F3A1-411A-B53F-8A05AEF8322A}.Debug|Any CPU.Build.0 = Debug|Any CPU
		{138F585F-F3A1-411A-B53F-8A05AEF8322A}.Release|Any CPU.ActiveCfg = Release|Any CPU
		{138F585F-F3A1-411A-B53F-8A05AEF8322A}.Release|Any CPU.Build.0 = Release|Any CPU
		{970AE088-CD5C-45EA-A7B9-B302D0CE7E7B}.Debug|Any CPU.ActiveCfg = Debug|Any CPU
		{970AE088-CD5C-45EA-A7B9-B302D0CE7E7B}.Debug|Any CPU.Build.0 = Debug|Any CPU
		{970AE088-CD5C-45EA-A7B9-B302D0CE7E7B}.Release|Any CPU.ActiveCfg = Release|Any CPU
		{970AE088-CD5C-45EA-A7B9-B302D0CE7E7B}.Release|Any CPU.Build.0 = Release|Any CPU
	EndGlobalSection
	GlobalSection(SolutionProperties) = preSolution
		HideSolutionNode = FALSE
	EndGlobalSection
	GlobalSection(ExtensibilityGlobals) = postSolution
		SolutionGuid = {BF3C9A26-131A-4B02-9415-D1E35FA9D6DA}
	EndGlobalSection
EndGlobal
